// !$*UTF8*$!
{
	archiveVersion = 1;
	classes = {
	};
	objectVersion = 56;
	objects = {

/* Begin PBXBuildFile section */
		84B42CC52AEE47D500EE9044 /* ReviewCollectionViewCell.swift in Sources */ = {isa = PBXBuildFile; fileRef = 84B42CBE2AEE47D500EE9044 /* ReviewCollectionViewCell.swift */; };
		84B42CC62AEE47D500EE9044 /* OptionCollectionViewCell.swift in Sources */ = {isa = PBXBuildFile; fileRef = 84B42CBF2AEE47D500EE9044 /* OptionCollectionViewCell.swift */; };
		84B42CC72AEE47D500EE9044 /* ProductInfoViewController.xib in Resources */ = {isa = PBXBuildFile; fileRef = 84B42CC02AEE47D500EE9044 /* ProductInfoViewController.xib */; };
		84B42CC82AEE47D500EE9044 /* ProductInfoViewController.swift in Sources */ = {isa = PBXBuildFile; fileRef = 84B42CC12AEE47D500EE9044 /* ProductInfoViewController.swift */; };
		84B42CC92AEE47D500EE9044 /* ReviewCollectionViewCell.xib in Resources */ = {isa = PBXBuildFile; fileRef = 84B42CC22AEE47D500EE9044 /* ReviewCollectionViewCell.xib */; };
		84B42CCA2AEE47D500EE9044 /* OptionCollectionViewCell.xib in Resources */ = {isa = PBXBuildFile; fileRef = 84B42CC32AEE47D500EE9044 /* OptionCollectionViewCell.xib */; };
		84B42CCB2AEE47D500EE9044 /* sectionHeader.swift in Sources */ = {isa = PBXBuildFile; fileRef = 84B42CC42AEE47D500EE9044 /* sectionHeader.swift */; };
		84B42CCE2AEE481B00EE9044 /* CopounCollectionViewCell.swift in Sources */ = {isa = PBXBuildFile; fileRef = 84B42CCC2AEE481B00EE9044 /* CopounCollectionViewCell.swift */; };
		84B42CCF2AEE481B00EE9044 /* CopounCollectionViewCell.xib in Resources */ = {isa = PBXBuildFile; fileRef = 84B42CCD2AEE481B00EE9044 /* CopounCollectionViewCell.xib */; };
		84B42CDA2AEE48CB00EE9044 /* ProductCompleteModel.swift in Sources */ = {isa = PBXBuildFile; fileRef = 84B42CD72AEE48CB00EE9044 /* ProductCompleteModel.swift */; };
		84B42CDB2AEE48CB00EE9044 /* ProductInfoViewModel.swift in Sources */ = {isa = PBXBuildFile; fileRef = 84B42CD92AEE48CB00EE9044 /* ProductInfoViewModel.swift */; };
		84B42CDF2AEE4EDC00EE9044 /* UIView + Extensions.swift in Sources */ = {isa = PBXBuildFile; fileRef = 84B42CDD2AEE4EDC00EE9044 /* UIView + Extensions.swift */; };
		84B42CE02AEE4EDC00EE9044 /* UIButton + Extensions.swift in Sources */ = {isa = PBXBuildFile; fileRef = 84B42CDE2AEE4EDC00EE9044 /* UIButton + Extensions.swift */; };
		84E0D6C82AE9311000FCB2F7 /* AppDelegate.swift in Sources */ = {isa = PBXBuildFile; fileRef = 84E0D6C72AE9311000FCB2F7 /* AppDelegate.swift */; };
		84E0D6CA2AE9311000FCB2F7 /* SceneDelegate.swift in Sources */ = {isa = PBXBuildFile; fileRef = 84E0D6C92AE9311000FCB2F7 /* SceneDelegate.swift */; };
		84E0D6CC2AE9311000FCB2F7 /* ViewController.swift in Sources */ = {isa = PBXBuildFile; fileRef = 84E0D6CB2AE9311000FCB2F7 /* ViewController.swift */; };
		84E0D6CF2AE9311000FCB2F7 /* Main.storyboard in Resources */ = {isa = PBXBuildFile; fileRef = 84E0D6CD2AE9311000FCB2F7 /* Main.storyboard */; };
		84E0D6D22AE9311000FCB2F7 /* M_Commerce_Admin.xcdatamodeld in Sources */ = {isa = PBXBuildFile; fileRef = 84E0D6D02AE9311000FCB2F7 /* M_Commerce_Admin.xcdatamodeld */; };
		84E0D6D42AE9311300FCB2F7 /* Assets.xcassets in Resources */ = {isa = PBXBuildFile; fileRef = 84E0D6D32AE9311300FCB2F7 /* Assets.xcassets */; };
		84E0D6D72AE9311300FCB2F7 /* LaunchScreen.storyboard in Resources */ = {isa = PBXBuildFile; fileRef = 84E0D6D52AE9311300FCB2F7 /* LaunchScreen.storyboard */; };
		84E0D6E22AE9311400FCB2F7 /* M_Commerce_AdminTests.swift in Sources */ = {isa = PBXBuildFile; fileRef = 84E0D6E12AE9311400FCB2F7 /* M_Commerce_AdminTests.swift */; };
		84E0D6EC2AE9311400FCB2F7 /* M_Commerce_AdminUITests.swift in Sources */ = {isa = PBXBuildFile; fileRef = 84E0D6EB2AE9311400FCB2F7 /* M_Commerce_AdminUITests.swift */; };
		84E0D6EE2AE9311400FCB2F7 /* M_Commerce_AdminUITestsLaunchTests.swift in Sources */ = {isa = PBXBuildFile; fileRef = 84E0D6ED2AE9311400FCB2F7 /* M_Commerce_AdminUITestsLaunchTests.swift */; };
		B25EA17C2AEDB25A00963558 /* HomeModel.swift in Sources */ = {isa = PBXBuildFile; fileRef = B25EA17B2AEDB25A00963558 /* HomeModel.swift */; };
		B25EA17E2AEDB27E00963558 /* HomeViewModel.swift in Sources */ = {isa = PBXBuildFile; fileRef = B25EA17D2AEDB27E00963558 /* HomeViewModel.swift */; };
		B25EA1802AEDB43E00963558 /* UIImageView + Extensions.swift in Sources */ = {isa = PBXBuildFile; fileRef = B25EA17F2AEDB43E00963558 /* UIImageView + Extensions.swift */; };
		B25EA1842AEDB67B00963558 /* AvailavleProductsViewModel.swift in Sources */ = {isa = PBXBuildFile; fileRef = B25EA1832AEDB67B00963558 /* AvailavleProductsViewModel.swift */; };
		B25EA1862AEDB68D00963558 /* AvailableProductsModel.swift in Sources */ = {isa = PBXBuildFile; fileRef = B25EA1852AEDB68D00963558 /* AvailableProductsModel.swift */; };
		B25EA18A2AEDB87C00963558 /* AllProductsViewModel.swift in Sources */ = {isa = PBXBuildFile; fileRef = B25EA1892AEDB87C00963558 /* AllProductsViewModel.swift */; };
		B29300F52AEA711E000A6997 /* HomeViewController.swift in Sources */ = {isa = PBXBuildFile; fileRef = B29300F32AEA711E000A6997 /* HomeViewController.swift */; };
		B29300F82AEA7171000A6997 /* HomeViewController.xib in Resources */ = {isa = PBXBuildFile; fileRef = B29300F72AEA7171000A6997 /* HomeViewController.xib */; };
		B29300FA2AEA7183000A6997 /* TabController.swift in Sources */ = {isa = PBXBuildFile; fileRef = B29300F92AEA7183000A6997 /* TabController.swift */; };
		B29300FC2AEA725D000A6997 /* BrandsCollectionViewCell.xib in Resources */ = {isa = PBXBuildFile; fileRef = B29300FB2AEA725D000A6997 /* BrandsCollectionViewCell.xib */; };
		B29300FE2AEA7263000A6997 /* BrandsCollectionViewCell.swift in Sources */ = {isa = PBXBuildFile; fileRef = B29300FD2AEA7263000A6997 /* BrandsCollectionViewCell.swift */; };
		B29301072AEA7290000A6997 /* Constans.swift in Sources */ = {isa = PBXBuildFile; fileRef = B29301032AEA7290000A6997 /* Constans.swift */; };
		B293010E2AEA760C000A6997 /* AvailableProductsVC.swift in Sources */ = {isa = PBXBuildFile; fileRef = B293010C2AEA760C000A6997 /* AvailableProductsVC.swift */; };
		B293010F2AEA760C000A6997 /* AvailableProductsVC.xib in Resources */ = {isa = PBXBuildFile; fileRef = B293010D2AEA760C000A6997 /* AvailableProductsVC.xib */; };
		B29301122AEA7652000A6997 /* AvailableProductsCell.swift in Sources */ = {isa = PBXBuildFile; fileRef = B29301102AEA7652000A6997 /* AvailableProductsCell.swift */; };
		B29301132AEA7652000A6997 /* AvailableProductsCell.xib in Resources */ = {isa = PBXBuildFile; fileRef = B29301112AEA7652000A6997 /* AvailableProductsCell.xib */; };
		B29301282AEA8221000A6997 /* AddProductViewController.swift in Sources */ = {isa = PBXBuildFile; fileRef = B29301262AEA8221000A6997 /* AddProductViewController.swift */; };
		B29301292AEA8221000A6997 /* AddProductViewController.xib in Resources */ = {isa = PBXBuildFile; fileRef = B29301272AEA8221000A6997 /* AddProductViewController.xib */; };
		B293012E2AEA85FA000A6997 /* PriceRulesViewController.swift in Sources */ = {isa = PBXBuildFile; fileRef = B293012C2AEA85FA000A6997 /* PriceRulesViewController.swift */; };
		B293012F2AEA85FA000A6997 /* PriceRulesViewController.xib in Resources */ = {isa = PBXBuildFile; fileRef = B293012D2AEA85FA000A6997 /* PriceRulesViewController.xib */; };
		B29301322AEA8711000A6997 /* PriceRulesCell.swift in Sources */ = {isa = PBXBuildFile; fileRef = B29301302AEA8711000A6997 /* PriceRulesCell.swift */; };
		B29301332AEA8711000A6997 /* PriceRulesCell.xib in Resources */ = {isa = PBXBuildFile; fileRef = B29301312AEA8711000A6997 /* PriceRulesCell.xib */; };
		B29301392AEBDDF8000A6997 /* DiscountCodeViewController.swift in Sources */ = {isa = PBXBuildFile; fileRef = B29301372AEBDDF8000A6997 /* DiscountCodeViewController.swift */; };
		B293013A2AEBDDF8000A6997 /* DiscountCodeViewController.xib in Resources */ = {isa = PBXBuildFile; fileRef = B29301382AEBDDF8000A6997 /* DiscountCodeViewController.xib */; };
		B293013D2AEBE07D000A6997 /* DicountCodeCell.swift in Sources */ = {isa = PBXBuildFile; fileRef = B293013B2AEBE07D000A6997 /* DicountCodeCell.swift */; };
		B293013E2AEBE07D000A6997 /* DicountCodeCell.xib in Resources */ = {isa = PBXBuildFile; fileRef = B293013C2AEBE07D000A6997 /* DicountCodeCell.xib */; };
		B29301432AEBE397000A6997 /* AllProductViewController.swift in Sources */ = {isa = PBXBuildFile; fileRef = B29301412AEBE397000A6997 /* AllProductViewController.swift */; };
		B29301442AEBE397000A6997 /* AllProductViewController.xib in Resources */ = {isa = PBXBuildFile; fileRef = B29301422AEBE397000A6997 /* AllProductViewController.xib */; };
		DC56642B2AEC6FC3003297FE /* AddPriceRuleVC.swift in Sources */ = {isa = PBXBuildFile; fileRef = DC5664292AEC6FC3003297FE /* AddPriceRuleVC.swift */; };
		DC56642C2AEC6FC3003297FE /* AddPriceRuleVC.xib in Resources */ = {isa = PBXBuildFile; fileRef = DC56642A2AEC6FC3003297FE /* AddPriceRuleVC.xib */; };
		DC56642F2AEC7BC8003297FE /* NetworkManager.swift in Sources */ = {isa = PBXBuildFile; fileRef = DC56642E2AEC7BC8003297FE /* NetworkManager.swift */; };
		DC5664322AECC26D003297FE /* Alamofire in Frameworks */ = {isa = PBXBuildFile; productRef = DC5664312AECC26D003297FE /* Alamofire */; };
		DC5664382AECC91F003297FE /* PriceRuleModel.swift in Sources */ = {isa = PBXBuildFile; fileRef = DC5664372AECC91F003297FE /* PriceRuleModel.swift */; };
		DC56643B2AECD027003297FE /* Kingfisher in Frameworks */ = {isa = PBXBuildFile; productRef = DC56643A2AECD027003297FE /* Kingfisher */; };
		DC56643E2AECD0DD003297FE /* Cosmos in Frameworks */ = {isa = PBXBuildFile; productRef = DC56643D2AECD0DD003297FE /* Cosmos */; };
		DC5664402AECD2BC003297FE /* AddPriceRulediscountViewModel.swift in Sources */ = {isa = PBXBuildFile; fileRef = DC56643F2AECD2BC003297FE /* AddPriceRulediscountViewModel.swift */; };
		DC5664432AECEFC1003297FE /* DiscountModel.swift in Sources */ = {isa = PBXBuildFile; fileRef = DC5664422AECEFC0003297FE /* DiscountModel.swift */; };
		DC5664462AECF0C2003297FE /* DiscountCodeViewModel.swift in Sources */ = {isa = PBXBuildFile; fileRef = DC5664452AECF0C2003297FE /* DiscountCodeViewModel.swift */; };
		DC56644C2AECFB07003297FE /* PriceRuleViewModel.swift in Sources */ = {isa = PBXBuildFile; fileRef = DC56644B2AECFB07003297FE /* PriceRuleViewModel.swift */; };
/* End PBXBuildFile section */

/* Begin PBXContainerItemProxy section */
		84E0D6DE2AE9311400FCB2F7 /* PBXContainerItemProxy */ = {
			isa = PBXContainerItemProxy;
			containerPortal = 84E0D6BC2AE9311000FCB2F7 /* Project object */;
			proxyType = 1;
			remoteGlobalIDString = 84E0D6C32AE9311000FCB2F7;
			remoteInfo = "M-Commerce-Admin";
		};
		84E0D6E82AE9311400FCB2F7 /* PBXContainerItemProxy */ = {
			isa = PBXContainerItemProxy;
			containerPortal = 84E0D6BC2AE9311000FCB2F7 /* Project object */;
			proxyType = 1;
			remoteGlobalIDString = 84E0D6C32AE9311000FCB2F7;
			remoteInfo = "M-Commerce-Admin";
		};
/* End PBXContainerItemProxy section */

/* Begin PBXFileReference section */
		84B42CBE2AEE47D500EE9044 /* ReviewCollectionViewCell.swift */ = {isa = PBXFileReference; fileEncoding = 4; lastKnownFileType = sourcecode.swift; path = ReviewCollectionViewCell.swift; sourceTree = "<group>"; };
		84B42CBF2AEE47D500EE9044 /* OptionCollectionViewCell.swift */ = {isa = PBXFileReference; fileEncoding = 4; lastKnownFileType = sourcecode.swift; path = OptionCollectionViewCell.swift; sourceTree = "<group>"; };
		84B42CC02AEE47D500EE9044 /* ProductInfoViewController.xib */ = {isa = PBXFileReference; fileEncoding = 4; lastKnownFileType = file.xib; path = ProductInfoViewController.xib; sourceTree = "<group>"; };
		84B42CC12AEE47D500EE9044 /* ProductInfoViewController.swift */ = {isa = PBXFileReference; fileEncoding = 4; lastKnownFileType = sourcecode.swift; path = ProductInfoViewController.swift; sourceTree = "<group>"; };
		84B42CC22AEE47D500EE9044 /* ReviewCollectionViewCell.xib */ = {isa = PBXFileReference; fileEncoding = 4; lastKnownFileType = file.xib; path = ReviewCollectionViewCell.xib; sourceTree = "<group>"; };
		84B42CC32AEE47D500EE9044 /* OptionCollectionViewCell.xib */ = {isa = PBXFileReference; fileEncoding = 4; lastKnownFileType = file.xib; path = OptionCollectionViewCell.xib; sourceTree = "<group>"; };
		84B42CC42AEE47D500EE9044 /* sectionHeader.swift */ = {isa = PBXFileReference; fileEncoding = 4; lastKnownFileType = sourcecode.swift; path = sectionHeader.swift; sourceTree = "<group>"; };
		84B42CCC2AEE481B00EE9044 /* CopounCollectionViewCell.swift */ = {isa = PBXFileReference; fileEncoding = 4; lastKnownFileType = sourcecode.swift; path = CopounCollectionViewCell.swift; sourceTree = "<group>"; };
		84B42CCD2AEE481B00EE9044 /* CopounCollectionViewCell.xib */ = {isa = PBXFileReference; fileEncoding = 4; lastKnownFileType = file.xib; path = CopounCollectionViewCell.xib; sourceTree = "<group>"; };
		84B42CD72AEE48CB00EE9044 /* ProductCompleteModel.swift */ = {isa = PBXFileReference; fileEncoding = 4; lastKnownFileType = sourcecode.swift; path = ProductCompleteModel.swift; sourceTree = "<group>"; };
		84B42CD92AEE48CB00EE9044 /* ProductInfoViewModel.swift */ = {isa = PBXFileReference; fileEncoding = 4; lastKnownFileType = sourcecode.swift; path = ProductInfoViewModel.swift; sourceTree = "<group>"; };
		84B42CDD2AEE4EDC00EE9044 /* UIView + Extensions.swift */ = {isa = PBXFileReference; fileEncoding = 4; lastKnownFileType = sourcecode.swift; path = "UIView + Extensions.swift"; sourceTree = "<group>"; };
		84B42CDE2AEE4EDC00EE9044 /* UIButton + Extensions.swift */ = {isa = PBXFileReference; fileEncoding = 4; lastKnownFileType = sourcecode.swift; path = "UIButton + Extensions.swift"; sourceTree = "<group>"; };
		84E0D6C42AE9311000FCB2F7 /* M-Commerce-Admin.app */ = {isa = PBXFileReference; explicitFileType = wrapper.application; includeInIndex = 0; path = "M-Commerce-Admin.app"; sourceTree = BUILT_PRODUCTS_DIR; };
		84E0D6C72AE9311000FCB2F7 /* AppDelegate.swift */ = {isa = PBXFileReference; lastKnownFileType = sourcecode.swift; path = AppDelegate.swift; sourceTree = "<group>"; };
		84E0D6C92AE9311000FCB2F7 /* SceneDelegate.swift */ = {isa = PBXFileReference; lastKnownFileType = sourcecode.swift; path = SceneDelegate.swift; sourceTree = "<group>"; };
		84E0D6CB2AE9311000FCB2F7 /* ViewController.swift */ = {isa = PBXFileReference; lastKnownFileType = sourcecode.swift; path = ViewController.swift; sourceTree = "<group>"; };
		84E0D6CE2AE9311000FCB2F7 /* Base */ = {isa = PBXFileReference; lastKnownFileType = file.storyboard; name = Base; path = Base.lproj/Main.storyboard; sourceTree = "<group>"; };
		84E0D6D12AE9311000FCB2F7 /* M_Commerce_Admin.xcdatamodel */ = {isa = PBXFileReference; lastKnownFileType = wrapper.xcdatamodel; path = M_Commerce_Admin.xcdatamodel; sourceTree = "<group>"; };
		84E0D6D32AE9311300FCB2F7 /* Assets.xcassets */ = {isa = PBXFileReference; lastKnownFileType = folder.assetcatalog; path = Assets.xcassets; sourceTree = "<group>"; };
		84E0D6D62AE9311300FCB2F7 /* Base */ = {isa = PBXFileReference; lastKnownFileType = file.storyboard; name = Base; path = Base.lproj/LaunchScreen.storyboard; sourceTree = "<group>"; };
		84E0D6D82AE9311300FCB2F7 /* Info.plist */ = {isa = PBXFileReference; lastKnownFileType = text.plist.xml; path = Info.plist; sourceTree = "<group>"; };
		84E0D6DD2AE9311400FCB2F7 /* M-Commerce-AdminTests.xctest */ = {isa = PBXFileReference; explicitFileType = wrapper.cfbundle; includeInIndex = 0; path = "M-Commerce-AdminTests.xctest"; sourceTree = BUILT_PRODUCTS_DIR; };
		84E0D6E12AE9311400FCB2F7 /* M_Commerce_AdminTests.swift */ = {isa = PBXFileReference; lastKnownFileType = sourcecode.swift; path = M_Commerce_AdminTests.swift; sourceTree = "<group>"; };
		84E0D6E72AE9311400FCB2F7 /* M-Commerce-AdminUITests.xctest */ = {isa = PBXFileReference; explicitFileType = wrapper.cfbundle; includeInIndex = 0; path = "M-Commerce-AdminUITests.xctest"; sourceTree = BUILT_PRODUCTS_DIR; };
		84E0D6EB2AE9311400FCB2F7 /* M_Commerce_AdminUITests.swift */ = {isa = PBXFileReference; lastKnownFileType = sourcecode.swift; path = M_Commerce_AdminUITests.swift; sourceTree = "<group>"; };
		84E0D6ED2AE9311400FCB2F7 /* M_Commerce_AdminUITestsLaunchTests.swift */ = {isa = PBXFileReference; lastKnownFileType = sourcecode.swift; path = M_Commerce_AdminUITestsLaunchTests.swift; sourceTree = "<group>"; };
		B25EA17B2AEDB25A00963558 /* HomeModel.swift */ = {isa = PBXFileReference; lastKnownFileType = sourcecode.swift; path = HomeModel.swift; sourceTree = "<group>"; };
		B25EA17D2AEDB27E00963558 /* HomeViewModel.swift */ = {isa = PBXFileReference; lastKnownFileType = sourcecode.swift; path = HomeViewModel.swift; sourceTree = "<group>"; };
		B25EA17F2AEDB43E00963558 /* UIImageView + Extensions.swift */ = {isa = PBXFileReference; fileEncoding = 4; lastKnownFileType = sourcecode.swift; path = "UIImageView + Extensions.swift"; sourceTree = "<group>"; };
		B25EA1832AEDB67B00963558 /* AvailavleProductsViewModel.swift */ = {isa = PBXFileReference; lastKnownFileType = sourcecode.swift; path = AvailavleProductsViewModel.swift; sourceTree = "<group>"; };
		B25EA1852AEDB68D00963558 /* AvailableProductsModel.swift */ = {isa = PBXFileReference; lastKnownFileType = sourcecode.swift; path = AvailableProductsModel.swift; sourceTree = "<group>"; };
		B25EA1892AEDB87C00963558 /* AllProductsViewModel.swift */ = {isa = PBXFileReference; lastKnownFileType = sourcecode.swift; name = AllProductsViewModel.swift; path = "M-Commerce-Admin/Screens/AvailableProducts/AvailableModel/AllProductsViewModel.swift"; sourceTree = SOURCE_ROOT; };
		B29300F32AEA711E000A6997 /* HomeViewController.swift */ = {isa = PBXFileReference; lastKnownFileType = sourcecode.swift; path = HomeViewController.swift; sourceTree = "<group>"; };
		B29300F72AEA7171000A6997 /* HomeViewController.xib */ = {isa = PBXFileReference; fileEncoding = 4; lastKnownFileType = file.xib; path = HomeViewController.xib; sourceTree = "<group>"; };
		B29300F92AEA7183000A6997 /* TabController.swift */ = {isa = PBXFileReference; fileEncoding = 4; lastKnownFileType = sourcecode.swift; path = TabController.swift; sourceTree = "<group>"; };
		B29300FB2AEA725D000A6997 /* BrandsCollectionViewCell.xib */ = {isa = PBXFileReference; fileEncoding = 4; lastKnownFileType = file.xib; path = BrandsCollectionViewCell.xib; sourceTree = "<group>"; };
		B29300FD2AEA7263000A6997 /* BrandsCollectionViewCell.swift */ = {isa = PBXFileReference; fileEncoding = 4; lastKnownFileType = sourcecode.swift; path = BrandsCollectionViewCell.swift; sourceTree = "<group>"; };
		B29301032AEA7290000A6997 /* Constans.swift */ = {isa = PBXFileReference; fileEncoding = 4; lastKnownFileType = sourcecode.swift; path = Constans.swift; sourceTree = "<group>"; };
		B293010C2AEA760C000A6997 /* AvailableProductsVC.swift */ = {isa = PBXFileReference; lastKnownFileType = sourcecode.swift; path = AvailableProductsVC.swift; sourceTree = "<group>"; };
		B293010D2AEA760C000A6997 /* AvailableProductsVC.xib */ = {isa = PBXFileReference; lastKnownFileType = file.xib; path = AvailableProductsVC.xib; sourceTree = "<group>"; };
		B29301102AEA7652000A6997 /* AvailableProductsCell.swift */ = {isa = PBXFileReference; lastKnownFileType = sourcecode.swift; path = AvailableProductsCell.swift; sourceTree = "<group>"; };
		B29301112AEA7652000A6997 /* AvailableProductsCell.xib */ = {isa = PBXFileReference; lastKnownFileType = file.xib; path = AvailableProductsCell.xib; sourceTree = "<group>"; };
		B29301262AEA8221000A6997 /* AddProductViewController.swift */ = {isa = PBXFileReference; lastKnownFileType = sourcecode.swift; path = AddProductViewController.swift; sourceTree = "<group>"; };
		B29301272AEA8221000A6997 /* AddProductViewController.xib */ = {isa = PBXFileReference; lastKnownFileType = file.xib; path = AddProductViewController.xib; sourceTree = "<group>"; };
		B293012C2AEA85FA000A6997 /* PriceRulesViewController.swift */ = {isa = PBXFileReference; lastKnownFileType = sourcecode.swift; path = PriceRulesViewController.swift; sourceTree = "<group>"; };
		B293012D2AEA85FA000A6997 /* PriceRulesViewController.xib */ = {isa = PBXFileReference; lastKnownFileType = file.xib; path = PriceRulesViewController.xib; sourceTree = "<group>"; };
		B29301302AEA8711000A6997 /* PriceRulesCell.swift */ = {isa = PBXFileReference; lastKnownFileType = sourcecode.swift; path = PriceRulesCell.swift; sourceTree = "<group>"; };
		B29301312AEA8711000A6997 /* PriceRulesCell.xib */ = {isa = PBXFileReference; lastKnownFileType = file.xib; path = PriceRulesCell.xib; sourceTree = "<group>"; };
		B29301372AEBDDF8000A6997 /* DiscountCodeViewController.swift */ = {isa = PBXFileReference; lastKnownFileType = sourcecode.swift; path = DiscountCodeViewController.swift; sourceTree = "<group>"; };
		B29301382AEBDDF8000A6997 /* DiscountCodeViewController.xib */ = {isa = PBXFileReference; lastKnownFileType = file.xib; path = DiscountCodeViewController.xib; sourceTree = "<group>"; };
		B293013B2AEBE07D000A6997 /* DicountCodeCell.swift */ = {isa = PBXFileReference; lastKnownFileType = sourcecode.swift; path = DicountCodeCell.swift; sourceTree = "<group>"; };
		B293013C2AEBE07D000A6997 /* DicountCodeCell.xib */ = {isa = PBXFileReference; lastKnownFileType = file.xib; path = DicountCodeCell.xib; sourceTree = "<group>"; };
		B29301412AEBE397000A6997 /* AllProductViewController.swift */ = {isa = PBXFileReference; lastKnownFileType = sourcecode.swift; path = AllProductViewController.swift; sourceTree = "<group>"; };
		B29301422AEBE397000A6997 /* AllProductViewController.xib */ = {isa = PBXFileReference; lastKnownFileType = file.xib; path = AllProductViewController.xib; sourceTree = "<group>"; };
		DC5664292AEC6FC3003297FE /* AddPriceRuleVC.swift */ = {isa = PBXFileReference; lastKnownFileType = sourcecode.swift; path = AddPriceRuleVC.swift; sourceTree = "<group>"; };
		DC56642A2AEC6FC3003297FE /* AddPriceRuleVC.xib */ = {isa = PBXFileReference; lastKnownFileType = file.xib; path = AddPriceRuleVC.xib; sourceTree = "<group>"; };
		DC56642E2AEC7BC8003297FE /* NetworkManager.swift */ = {isa = PBXFileReference; lastKnownFileType = sourcecode.swift; path = NetworkManager.swift; sourceTree = "<group>"; };
		DC5664372AECC91F003297FE /* PriceRuleModel.swift */ = {isa = PBXFileReference; lastKnownFileType = sourcecode.swift; path = PriceRuleModel.swift; sourceTree = "<group>"; };
		DC56643F2AECD2BC003297FE /* AddPriceRulediscountViewModel.swift */ = {isa = PBXFileReference; lastKnownFileType = sourcecode.swift; path = AddPriceRulediscountViewModel.swift; sourceTree = "<group>"; };
		DC5664422AECEFC0003297FE /* DiscountModel.swift */ = {isa = PBXFileReference; lastKnownFileType = sourcecode.swift; path = DiscountModel.swift; sourceTree = "<group>"; };
		DC5664452AECF0C2003297FE /* DiscountCodeViewModel.swift */ = {isa = PBXFileReference; lastKnownFileType = sourcecode.swift; path = DiscountCodeViewModel.swift; sourceTree = "<group>"; };
		DC56644B2AECFB07003297FE /* PriceRuleViewModel.swift */ = {isa = PBXFileReference; lastKnownFileType = sourcecode.swift; path = PriceRuleViewModel.swift; sourceTree = "<group>"; };
/* End PBXFileReference section */

/* Begin PBXFrameworksBuildPhase section */
		84E0D6C12AE9311000FCB2F7 /* Frameworks */ = {
			isa = PBXFrameworksBuildPhase;
			buildActionMask = 2147483647;
			files = (
				DC56643E2AECD0DD003297FE /* Cosmos in Frameworks */,
				DC56643B2AECD027003297FE /* Kingfisher in Frameworks */,
				DC5664322AECC26D003297FE /* Alamofire in Frameworks */,
			);
			runOnlyForDeploymentPostprocessing = 0;
		};
		84E0D6DA2AE9311400FCB2F7 /* Frameworks */ = {
			isa = PBXFrameworksBuildPhase;
			buildActionMask = 2147483647;
			files = (
			);
			runOnlyForDeploymentPostprocessing = 0;
		};
		84E0D6E42AE9311400FCB2F7 /* Frameworks */ = {
			isa = PBXFrameworksBuildPhase;
			buildActionMask = 2147483647;
			files = (
			);
			runOnlyForDeploymentPostprocessing = 0;
		};
/* End PBXFrameworksBuildPhase section */

/* Begin PBXGroup section */
		84B42CBD2AEE47D500EE9044 /* View */ = {
			isa = PBXGroup;
			children = (
				84B42CCC2AEE481B00EE9044 /* CopounCollectionViewCell.swift */,
				84B42CCD2AEE481B00EE9044 /* CopounCollectionViewCell.xib */,
				84B42CBE2AEE47D500EE9044 /* ReviewCollectionViewCell.swift */,
				84B42CBF2AEE47D500EE9044 /* OptionCollectionViewCell.swift */,
				84B42CC02AEE47D500EE9044 /* ProductInfoViewController.xib */,
				84B42CC12AEE47D500EE9044 /* ProductInfoViewController.swift */,
				84B42CC22AEE47D500EE9044 /* ReviewCollectionViewCell.xib */,
				84B42CC32AEE47D500EE9044 /* OptionCollectionViewCell.xib */,
				84B42CC42AEE47D500EE9044 /* sectionHeader.swift */,
			);
			path = View;
			sourceTree = "<group>";
		};
		84B42CD62AEE48CB00EE9044 /* Model */ = {
			isa = PBXGroup;
			children = (
				84B42CD72AEE48CB00EE9044 /* ProductCompleteModel.swift */,
			);
			path = Model;
			sourceTree = "<group>";
		};
		84B42CD82AEE48CB00EE9044 /* ViewModel */ = {
			isa = PBXGroup;
			children = (
				84B42CD92AEE48CB00EE9044 /* ProductInfoViewModel.swift */,
			);
			path = ViewModel;
			sourceTree = "<group>";
		};
		84B42CDC2AEE4E9000EE9044 /* Extensions */ = {
			isa = PBXGroup;
			children = (
				84B42CDE2AEE4EDC00EE9044 /* UIButton + Extensions.swift */,
				84B42CDD2AEE4EDC00EE9044 /* UIView + Extensions.swift */,
				B25EA17F2AEDB43E00963558 /* UIImageView + Extensions.swift */,
			);
			path = Extensions;
			sourceTree = "<group>";
		};
		84E0D6BB2AE9311000FCB2F7 = {
			isa = PBXGroup;
			children = (
				84E0D6C62AE9311000FCB2F7 /* M-Commerce-Admin */,
				84E0D6E02AE9311400FCB2F7 /* M-Commerce-AdminTests */,
				84E0D6EA2AE9311400FCB2F7 /* M-Commerce-AdminUITests */,
				84E0D6C52AE9311000FCB2F7 /* Products */,
			);
			sourceTree = "<group>";
		};
		84E0D6C52AE9311000FCB2F7 /* Products */ = {
			isa = PBXGroup;
			children = (
				84E0D6C42AE9311000FCB2F7 /* M-Commerce-Admin.app */,
				84E0D6DD2AE9311400FCB2F7 /* M-Commerce-AdminTests.xctest */,
				84E0D6E72AE9311400FCB2F7 /* M-Commerce-AdminUITests.xctest */,
			);
			name = Products;
			sourceTree = "<group>";
		};
		84E0D6C62AE9311000FCB2F7 /* M-Commerce-Admin */ = {
			isa = PBXGroup;
			children = (
				B29300F12AEA70ED000A6997 /* Screens */,
				84E0D6C72AE9311000FCB2F7 /* AppDelegate.swift */,
				84E0D6C92AE9311000FCB2F7 /* SceneDelegate.swift */,
				84E0D6CB2AE9311000FCB2F7 /* ViewController.swift */,
				84E0D6CD2AE9311000FCB2F7 /* Main.storyboard */,
				84E0D6D32AE9311300FCB2F7 /* Assets.xcassets */,
				B29300FF2AEA7290000A6997 /* Common */,
				84E0D6D52AE9311300FCB2F7 /* LaunchScreen.storyboard */,
				84E0D6D82AE9311300FCB2F7 /* Info.plist */,
				84E0D6D02AE9311000FCB2F7 /* M_Commerce_Admin.xcdatamodeld */,
			);
			path = "M-Commerce-Admin";
			sourceTree = "<group>";
		};
		84E0D6E02AE9311400FCB2F7 /* M-Commerce-AdminTests */ = {
			isa = PBXGroup;
			children = (
				84E0D6E12AE9311400FCB2F7 /* M_Commerce_AdminTests.swift */,
			);
			path = "M-Commerce-AdminTests";
			sourceTree = "<group>";
		};
		84E0D6EA2AE9311400FCB2F7 /* M-Commerce-AdminUITests */ = {
			isa = PBXGroup;
			children = (
				84E0D6EB2AE9311400FCB2F7 /* M_Commerce_AdminUITests.swift */,
				84E0D6ED2AE9311400FCB2F7 /* M_Commerce_AdminUITestsLaunchTests.swift */,
			);
			path = "M-Commerce-AdminUITests";
			sourceTree = "<group>";
		};
		B25EA1792AEDB17400963558 /* ViewModel */ = {
			isa = PBXGroup;
			children = (
				B25EA17D2AEDB27E00963558 /* HomeViewModel.swift */,
			);
			path = ViewModel;
			sourceTree = "<group>";
		};
		B25EA17A2AEDB24200963558 /* Model */ = {
			isa = PBXGroup;
			children = (
				B25EA17B2AEDB25A00963558 /* HomeModel.swift */,
			);
			path = Model;
			sourceTree = "<group>";
		};
		B25EA1812AEDB65500963558 /* AvailableViewModel */ = {
			isa = PBXGroup;
			children = (
				B25EA1832AEDB67B00963558 /* AvailavleProductsViewModel.swift */,
			);
			path = AvailableViewModel;
			sourceTree = "<group>";
		};
		B25EA1822AEDB66300963558 /* AvailableModel */ = {
			isa = PBXGroup;
			children = (
				B25EA1852AEDB68D00963558 /* AvailableProductsModel.swift */,
			);
			path = AvailableModel;
			sourceTree = "<group>";
		};
		B29300F12AEA70ED000A6997 /* Screens */ = {
			isa = PBXGroup;
			children = (
				84B42CDC2AEE4E9000EE9044 /* Extensions */,
				DC56642D2AEC7B97003297FE /* Services */,
				B293013F2AEBE36C000A6997 /* AllProducts */,
				B29301342AEBDDC0000A6997 /* DiscountCode */,
				B293012A2AEA85D5000A6997 /* PriceRoles */,
				B29301242AEA81F7000A6997 /* AddProduct */,
				B29301232AEA8119000A6997 /* ProductInfo */,
				B293010A2AEA74CC000A6997 /* AvailableProducts */,
				B29301092AEA74B1000A6997 /* Home */,
			);
			path = Screens;
			sourceTree = "<group>";
		};
		B29300F22AEA70FE000A6997 /* View */ = {
			isa = PBXGroup;
			children = (
				B29300F32AEA711E000A6997 /* HomeViewController.swift */,
				B29300F72AEA7171000A6997 /* HomeViewController.xib */,
				B29300FD2AEA7263000A6997 /* BrandsCollectionViewCell.swift */,
				B29300FB2AEA725D000A6997 /* BrandsCollectionViewCell.xib */,
				B29300F92AEA7183000A6997 /* TabController.swift */,
			);
			path = View;
			sourceTree = "<group>";
		};
		B29300FF2AEA7290000A6997 /* Common */ = {
			isa = PBXGroup;
			children = (
				B29301022AEA7290000A6997 /* Model */,
			);
			path = Common;
			sourceTree = "<group>";
		};
		B29301022AEA7290000A6997 /* Model */ = {
			isa = PBXGroup;
			children = (
				B29301032AEA7290000A6997 /* Constans.swift */,
			);
			path = Model;
			sourceTree = "<group>";
		};
		B29301092AEA74B1000A6997 /* Home */ = {
			isa = PBXGroup;
			children = (
				B25EA17A2AEDB24200963558 /* Model */,
				B25EA1792AEDB17400963558 /* ViewModel */,
				B29300F22AEA70FE000A6997 /* View */,
			);
			path = Home;
			sourceTree = "<group>";
		};
		B293010A2AEA74CC000A6997 /* AvailableProducts */ = {
			isa = PBXGroup;
			children = (
				B25EA1822AEDB66300963558 /* AvailableModel */,
				B25EA1812AEDB65500963558 /* AvailableViewModel */,
				B293010B2AEA74DD000A6997 /* View */,
			);
			path = AvailableProducts;
			sourceTree = "<group>";
		};
		B293010B2AEA74DD000A6997 /* View */ = {
			isa = PBXGroup;
			children = (
				B293010C2AEA760C000A6997 /* AvailableProductsVC.swift */,
				B293010D2AEA760C000A6997 /* AvailableProductsVC.xib */,
				B29301102AEA7652000A6997 /* AvailableProductsCell.swift */,
				B29301112AEA7652000A6997 /* AvailableProductsCell.xib */,
			);
			path = View;
			sourceTree = "<group>";
		};
		B29301232AEA8119000A6997 /* ProductInfo */ = {
			isa = PBXGroup;
			children = (
				84B42CD62AEE48CB00EE9044 /* Model */,
				84B42CD82AEE48CB00EE9044 /* ViewModel */,
				84B42CBD2AEE47D500EE9044 /* View */,
			);
			path = ProductInfo;
			sourceTree = "<group>";
		};
		B29301242AEA81F7000A6997 /* AddProduct */ = {
			isa = PBXGroup;
			children = (
				B29301252AEA8203000A6997 /* View */,
			);
			path = AddProduct;
			sourceTree = "<group>";
		};
		B29301252AEA8203000A6997 /* View */ = {
			isa = PBXGroup;
			children = (
				B29301262AEA8221000A6997 /* AddProductViewController.swift */,
				B29301272AEA8221000A6997 /* AddProductViewController.xib */,
			);
			path = View;
			sourceTree = "<group>";
		};
		B293012A2AEA85D5000A6997 /* PriceRoles */ = {
			isa = PBXGroup;
			children = (
				DC5664492AECFABB003297FE /* PriceRule */,
				DC5664362AECC90F003297FE /* Model */,
			);
			path = PriceRoles;
			sourceTree = "<group>";
		};
		B293012B2AEA85DD000A6997 /* View */ = {
			isa = PBXGroup;
			children = (
				B293012C2AEA85FA000A6997 /* PriceRulesViewController.swift */,
				B293012D2AEA85FA000A6997 /* PriceRulesViewController.xib */,
				B29301302AEA8711000A6997 /* PriceRulesCell.swift */,
				B29301312AEA8711000A6997 /* PriceRulesCell.xib */,
			);
			path = View;
			sourceTree = "<group>";
		};
		B29301342AEBDDC0000A6997 /* DiscountCode */ = {
			isa = PBXGroup;
			children = (
				DC5664442AECF099003297FE /* ViewModel */,
				DC5664412AECEFAA003297FE /* model */,
				B29301352AEBDDCA000A6997 /* View */,
			);
			path = DiscountCode;
			sourceTree = "<group>";
		};
		B29301352AEBDDCA000A6997 /* View */ = {
			isa = PBXGroup;
			children = (
				B29301372AEBDDF8000A6997 /* DiscountCodeViewController.swift */,
				B29301382AEBDDF8000A6997 /* DiscountCodeViewController.xib */,
				B293013B2AEBE07D000A6997 /* DicountCodeCell.swift */,
				B293013C2AEBE07D000A6997 /* DicountCodeCell.xib */,
			);
			path = View;
			sourceTree = "<group>";
		};
		B293013F2AEBE36C000A6997 /* AllProducts */ = {
			isa = PBXGroup;
			children = (
				DC5664332AECC8C8003297FE /* ViewModel */,
				B29301402AEBE378000A6997 /* View */,
			);
			path = AllProducts;
			sourceTree = "<group>";
		};
		B29301402AEBE378000A6997 /* View */ = {
			isa = PBXGroup;
			children = (
				B29301412AEBE397000A6997 /* AllProductViewController.swift */,
				B29301422AEBE397000A6997 /* AllProductViewController.xib */,
			);
			path = View;
			sourceTree = "<group>";
		};
		DC56642D2AEC7B97003297FE /* Services */ = {
			isa = PBXGroup;
			children = (
				DC56642E2AEC7BC8003297FE /* NetworkManager.swift */,
			);
			path = Services;
			sourceTree = "<group>";
		};
		DC5664332AECC8C8003297FE /* ViewModel */ = {
			isa = PBXGroup;
			children = (
				B25EA1892AEDB87C00963558 /* AllProductsViewModel.swift */,
			);
			path = ViewModel;
			sourceTree = "<group>";
		};
		DC5664352AECC904003297FE /* ViewModel */ = {
			isa = PBXGroup;
			children = (
				DC56643F2AECD2BC003297FE /* AddPriceRulediscountViewModel.swift */,
			);
			path = ViewModel;
			sourceTree = "<group>";
		};
		DC5664362AECC90F003297FE /* Model */ = {
			isa = PBXGroup;
			children = (
				DC5664372AECC91F003297FE /* PriceRuleModel.swift */,
			);
			path = Model;
			sourceTree = "<group>";
		};
		DC5664412AECEFAA003297FE /* model */ = {
			isa = PBXGroup;
			children = (
				DC5664422AECEFC0003297FE /* DiscountModel.swift */,
			);
			path = model;
			sourceTree = "<group>";
		};
		DC5664442AECF099003297FE /* ViewModel */ = {
			isa = PBXGroup;
			children = (
				DC5664452AECF0C2003297FE /* DiscountCodeViewModel.swift */,
			);
			path = ViewModel;
			sourceTree = "<group>";
		};
		DC5664472AECFA86003297FE /* AddPriceRule */ = {
			isa = PBXGroup;
			children = (
				DC5664482AECFAA3003297FE /* View */,
				DC5664352AECC904003297FE /* ViewModel */,
			);
			path = AddPriceRule;
			sourceTree = "<group>";
		};
		DC5664482AECFAA3003297FE /* View */ = {
			isa = PBXGroup;
			children = (
				DC5664292AEC6FC3003297FE /* AddPriceRuleVC.swift */,
				DC56642A2AEC6FC3003297FE /* AddPriceRuleVC.xib */,
			);
			path = View;
			sourceTree = "<group>";
		};
		DC5664492AECFABB003297FE /* PriceRule */ = {
			isa = PBXGroup;
			children = (
				DC5664472AECFA86003297FE /* AddPriceRule */,
				DC56644A2AECFAE4003297FE /* ModelView */,
				B293012B2AEA85DD000A6997 /* View */,
			);
			path = PriceRule;
			sourceTree = "<group>";
		};
		DC56644A2AECFAE4003297FE /* ModelView */ = {
			isa = PBXGroup;
			children = (
				DC56644B2AECFB07003297FE /* PriceRuleViewModel.swift */,
			);
			path = ModelView;
			sourceTree = "<group>";
		};
/* End PBXGroup section */

/* Begin PBXNativeTarget section */
		84E0D6C32AE9311000FCB2F7 /* M-Commerce-Admin */ = {
			isa = PBXNativeTarget;
			buildConfigurationList = 84E0D6F12AE9311400FCB2F7 /* Build configuration list for PBXNativeTarget "M-Commerce-Admin" */;
			buildPhases = (
				84E0D6C02AE9311000FCB2F7 /* Sources */,
				84E0D6C12AE9311000FCB2F7 /* Frameworks */,
				84E0D6C22AE9311000FCB2F7 /* Resources */,
			);
			buildRules = (
			);
			dependencies = (
			);
			name = "M-Commerce-Admin";
			packageProductDependencies = (
				DC5664312AECC26D003297FE /* Alamofire */,
				DC56643A2AECD027003297FE /* Kingfisher */,
				DC56643D2AECD0DD003297FE /* Cosmos */,
			);
			productName = "M-Commerce-Admin";
			productReference = 84E0D6C42AE9311000FCB2F7 /* M-Commerce-Admin.app */;
			productType = "com.apple.product-type.application";
		};
		84E0D6DC2AE9311400FCB2F7 /* M-Commerce-AdminTests */ = {
			isa = PBXNativeTarget;
			buildConfigurationList = 84E0D6F42AE9311400FCB2F7 /* Build configuration list for PBXNativeTarget "M-Commerce-AdminTests" */;
			buildPhases = (
				84E0D6D92AE9311400FCB2F7 /* Sources */,
				84E0D6DA2AE9311400FCB2F7 /* Frameworks */,
				84E0D6DB2AE9311400FCB2F7 /* Resources */,
			);
			buildRules = (
			);
			dependencies = (
				84E0D6DF2AE9311400FCB2F7 /* PBXTargetDependency */,
			);
			name = "M-Commerce-AdminTests";
			productName = "M-Commerce-AdminTests";
			productReference = 84E0D6DD2AE9311400FCB2F7 /* M-Commerce-AdminTests.xctest */;
			productType = "com.apple.product-type.bundle.unit-test";
		};
		84E0D6E62AE9311400FCB2F7 /* M-Commerce-AdminUITests */ = {
			isa = PBXNativeTarget;
			buildConfigurationList = 84E0D6F72AE9311400FCB2F7 /* Build configuration list for PBXNativeTarget "M-Commerce-AdminUITests" */;
			buildPhases = (
				84E0D6E32AE9311400FCB2F7 /* Sources */,
				84E0D6E42AE9311400FCB2F7 /* Frameworks */,
				84E0D6E52AE9311400FCB2F7 /* Resources */,
			);
			buildRules = (
			);
			dependencies = (
				84E0D6E92AE9311400FCB2F7 /* PBXTargetDependency */,
			);
			name = "M-Commerce-AdminUITests";
			productName = "M-Commerce-AdminUITests";
			productReference = 84E0D6E72AE9311400FCB2F7 /* M-Commerce-AdminUITests.xctest */;
			productType = "com.apple.product-type.bundle.ui-testing";
		};
/* End PBXNativeTarget section */

/* Begin PBXProject section */
		84E0D6BC2AE9311000FCB2F7 /* Project object */ = {
			isa = PBXProject;
			attributes = {
				BuildIndependentTargetsInParallel = 1;
				LastSwiftUpdateCheck = 1420;
				LastUpgradeCheck = 1420;
				TargetAttributes = {
					84E0D6C32AE9311000FCB2F7 = {
						CreatedOnToolsVersion = 14.2;
					};
					84E0D6DC2AE9311400FCB2F7 = {
						CreatedOnToolsVersion = 14.2;
						TestTargetID = 84E0D6C32AE9311000FCB2F7;
					};
					84E0D6E62AE9311400FCB2F7 = {
						CreatedOnToolsVersion = 14.2;
						TestTargetID = 84E0D6C32AE9311000FCB2F7;
					};
				};
			};
			buildConfigurationList = 84E0D6BF2AE9311000FCB2F7 /* Build configuration list for PBXProject "M-Commerce-Admin" */;
			compatibilityVersion = "Xcode 14.0";
			developmentRegion = en;
			hasScannedForEncodings = 0;
			knownRegions = (
				en,
				Base,
			);
			mainGroup = 84E0D6BB2AE9311000FCB2F7;
			packageReferences = (
				DC5664302AECC26D003297FE /* XCRemoteSwiftPackageReference "Alamofire" */,
				DC5664392AECD027003297FE /* XCRemoteSwiftPackageReference "Kingfisher" */,
				DC56643C2AECD0DD003297FE /* XCRemoteSwiftPackageReference "Cosmos" */,
			);
			productRefGroup = 84E0D6C52AE9311000FCB2F7 /* Products */;
			projectDirPath = "";
			projectRoot = "";
			targets = (
				84E0D6C32AE9311000FCB2F7 /* M-Commerce-Admin */,
				84E0D6DC2AE9311400FCB2F7 /* M-Commerce-AdminTests */,
				84E0D6E62AE9311400FCB2F7 /* M-Commerce-AdminUITests */,
			);
		};
/* End PBXProject section */

/* Begin PBXResourcesBuildPhase section */
		84E0D6C22AE9311000FCB2F7 /* Resources */ = {
			isa = PBXResourcesBuildPhase;
			buildActionMask = 2147483647;
			files = (
				84B42CCA2AEE47D500EE9044 /* OptionCollectionViewCell.xib in Resources */,
				B293013E2AEBE07D000A6997 /* DicountCodeCell.xib in Resources */,
				B29300FC2AEA725D000A6997 /* BrandsCollectionViewCell.xib in Resources */,
				84E0D6D72AE9311300FCB2F7 /* LaunchScreen.storyboard in Resources */,
				B293010F2AEA760C000A6997 /* AvailableProductsVC.xib in Resources */,
				B29301332AEA8711000A6997 /* PriceRulesCell.xib in Resources */,
				DC56642C2AEC6FC3003297FE /* AddPriceRuleVC.xib in Resources */,
				84B42CC92AEE47D500EE9044 /* ReviewCollectionViewCell.xib in Resources */,
				B29301442AEBE397000A6997 /* AllProductViewController.xib in Resources */,
				B29301132AEA7652000A6997 /* AvailableProductsCell.xib in Resources */,
				B293013A2AEBDDF8000A6997 /* DiscountCodeViewController.xib in Resources */,
				84B42CC72AEE47D500EE9044 /* ProductInfoViewController.xib in Resources */,
				84B42CCF2AEE481B00EE9044 /* CopounCollectionViewCell.xib in Resources */,
				84E0D6D42AE9311300FCB2F7 /* Assets.xcassets in Resources */,
				84E0D6CF2AE9311000FCB2F7 /* Main.storyboard in Resources */,
				B29301292AEA8221000A6997 /* AddProductViewController.xib in Resources */,
				B293012F2AEA85FA000A6997 /* PriceRulesViewController.xib in Resources */,
				B29300F82AEA7171000A6997 /* HomeViewController.xib in Resources */,
			);
			runOnlyForDeploymentPostprocessing = 0;
		};
		84E0D6DB2AE9311400FCB2F7 /* Resources */ = {
			isa = PBXResourcesBuildPhase;
			buildActionMask = 2147483647;
			files = (
			);
			runOnlyForDeploymentPostprocessing = 0;
		};
		84E0D6E52AE9311400FCB2F7 /* Resources */ = {
			isa = PBXResourcesBuildPhase;
			buildActionMask = 2147483647;
			files = (
			);
			runOnlyForDeploymentPostprocessing = 0;
		};
/* End PBXResourcesBuildPhase section */

/* Begin PBXSourcesBuildPhase section */
		84E0D6C02AE9311000FCB2F7 /* Sources */ = {
			isa = PBXSourcesBuildPhase;
			buildActionMask = 2147483647;
			files = (
				B29300FE2AEA7263000A6997 /* BrandsCollectionViewCell.swift in Sources */,
				B29301432AEBE397000A6997 /* AllProductViewController.swift in Sources */,
				B293013D2AEBE07D000A6997 /* DicountCodeCell.swift in Sources */,
				DC56642F2AEC7BC8003297FE /* NetworkManager.swift in Sources */,
				DC5664382AECC91F003297FE /* PriceRuleModel.swift in Sources */,
				B29301392AEBDDF8000A6997 /* DiscountCodeViewController.swift in Sources */,
				84B42CC82AEE47D500EE9044 /* ProductInfoViewController.swift in Sources */,
				B29301282AEA8221000A6997 /* AddProductViewController.swift in Sources */,
				B29300F52AEA711E000A6997 /* HomeViewController.swift in Sources */,
				B25EA1842AEDB67B00963558 /* AvailavleProductsViewModel.swift in Sources */,
				B29301072AEA7290000A6997 /* Constans.swift in Sources */,
				DC5664402AECD2BC003297FE /* AddPriceRulediscountViewModel.swift in Sources */,
				B29300FA2AEA7183000A6997 /* TabController.swift in Sources */,
				B29301322AEA8711000A6997 /* PriceRulesCell.swift in Sources */,
				84B42CCE2AEE481B00EE9044 /* CopounCollectionViewCell.swift in Sources */,
				B293012E2AEA85FA000A6997 /* PriceRulesViewController.swift in Sources */,
				B25EA1802AEDB43E00963558 /* UIImageView + Extensions.swift in Sources */,
				B25EA17E2AEDB27E00963558 /* HomeViewModel.swift in Sources */,
				84B42CDB2AEE48CB00EE9044 /* ProductInfoViewModel.swift in Sources */,
				DC5664432AECEFC1003297FE /* DiscountModel.swift in Sources */,
				DC56642B2AEC6FC3003297FE /* AddPriceRuleVC.swift in Sources */,
				84E0D6D22AE9311000FCB2F7 /* M_Commerce_Admin.xcdatamodeld in Sources */,
				B25EA18A2AEDB87C00963558 /* AllProductsViewModel.swift in Sources */,
				84E0D6CC2AE9311000FCB2F7 /* ViewController.swift in Sources */,
				B293010E2AEA760C000A6997 /* AvailableProductsVC.swift in Sources */,
				DC56644C2AECFB07003297FE /* PriceRuleViewModel.swift in Sources */,
				B29301122AEA7652000A6997 /* AvailableProductsCell.swift in Sources */,
				84B42CE02AEE4EDC00EE9044 /* UIButton + Extensions.swift in Sources */,
				84B42CCB2AEE47D500EE9044 /* sectionHeader.swift in Sources */,
				B25EA17C2AEDB25A00963558 /* HomeModel.swift in Sources */,
				84B42CDF2AEE4EDC00EE9044 /* UIView + Extensions.swift in Sources */,
				84E0D6C82AE9311000FCB2F7 /* AppDelegate.swift in Sources */,
				B25EA1862AEDB68D00963558 /* AvailableProductsModel.swift in Sources */,
				84B42CC62AEE47D500EE9044 /* OptionCollectionViewCell.swift in Sources */,
				DC5664462AECF0C2003297FE /* DiscountCodeViewModel.swift in Sources */,
				84B42CC52AEE47D500EE9044 /* ReviewCollectionViewCell.swift in Sources */,
				84E0D6CA2AE9311000FCB2F7 /* SceneDelegate.swift in Sources */,
				84B42CDA2AEE48CB00EE9044 /* ProductCompleteModel.swift in Sources */,
			);
			runOnlyForDeploymentPostprocessing = 0;
		};
		84E0D6D92AE9311400FCB2F7 /* Sources */ = {
			isa = PBXSourcesBuildPhase;
			buildActionMask = 2147483647;
			files = (
				84E0D6E22AE9311400FCB2F7 /* M_Commerce_AdminTests.swift in Sources */,
			);
			runOnlyForDeploymentPostprocessing = 0;
		};
		84E0D6E32AE9311400FCB2F7 /* Sources */ = {
			isa = PBXSourcesBuildPhase;
			buildActionMask = 2147483647;
			files = (
				84E0D6EC2AE9311400FCB2F7 /* M_Commerce_AdminUITests.swift in Sources */,
				84E0D6EE2AE9311400FCB2F7 /* M_Commerce_AdminUITestsLaunchTests.swift in Sources */,
			);
			runOnlyForDeploymentPostprocessing = 0;
		};
/* End PBXSourcesBuildPhase section */

/* Begin PBXTargetDependency section */
		84E0D6DF2AE9311400FCB2F7 /* PBXTargetDependency */ = {
			isa = PBXTargetDependency;
			target = 84E0D6C32AE9311000FCB2F7 /* M-Commerce-Admin */;
			targetProxy = 84E0D6DE2AE9311400FCB2F7 /* PBXContainerItemProxy */;
		};
		84E0D6E92AE9311400FCB2F7 /* PBXTargetDependency */ = {
			isa = PBXTargetDependency;
			target = 84E0D6C32AE9311000FCB2F7 /* M-Commerce-Admin */;
			targetProxy = 84E0D6E82AE9311400FCB2F7 /* PBXContainerItemProxy */;
		};
/* End PBXTargetDependency section */

/* Begin PBXVariantGroup section */
		84E0D6CD2AE9311000FCB2F7 /* Main.storyboard */ = {
			isa = PBXVariantGroup;
			children = (
				84E0D6CE2AE9311000FCB2F7 /* Base */,
			);
			name = Main.storyboard;
			sourceTree = "<group>";
		};
		84E0D6D52AE9311300FCB2F7 /* LaunchScreen.storyboard */ = {
			isa = PBXVariantGroup;
			children = (
				84E0D6D62AE9311300FCB2F7 /* Base */,
			);
			name = LaunchScreen.storyboard;
			sourceTree = "<group>";
		};
/* End PBXVariantGroup section */

/* Begin XCBuildConfiguration section */
		84E0D6EF2AE9311400FCB2F7 /* Debug */ = {
			isa = XCBuildConfiguration;
			buildSettings = {
				ALWAYS_SEARCH_USER_PATHS = NO;
				CLANG_ANALYZER_NONNULL = YES;
				CLANG_ANALYZER_NUMBER_OBJECT_CONVERSION = YES_AGGRESSIVE;
				CLANG_CXX_LANGUAGE_STANDARD = "gnu++20";
				CLANG_ENABLE_MODULES = YES;
				CLANG_ENABLE_OBJC_ARC = YES;
				CLANG_ENABLE_OBJC_WEAK = YES;
				CLANG_WARN_BLOCK_CAPTURE_AUTORELEASING = YES;
				CLANG_WARN_BOOL_CONVERSION = YES;
				CLANG_WARN_COMMA = YES;
				CLANG_WARN_CONSTANT_CONVERSION = YES;
				CLANG_WARN_DEPRECATED_OBJC_IMPLEMENTATIONS = YES;
				CLANG_WARN_DIRECT_OBJC_ISA_USAGE = YES_ERROR;
				CLANG_WARN_DOCUMENTATION_COMMENTS = YES;
				CLANG_WARN_EMPTY_BODY = YES;
				CLANG_WARN_ENUM_CONVERSION = YES;
				CLANG_WARN_INFINITE_RECURSION = YES;
				CLANG_WARN_INT_CONVERSION = YES;
				CLANG_WARN_NON_LITERAL_NULL_CONVERSION = YES;
				CLANG_WARN_OBJC_IMPLICIT_RETAIN_SELF = YES;
				CLANG_WARN_OBJC_LITERAL_CONVERSION = YES;
				CLANG_WARN_OBJC_ROOT_CLASS = YES_ERROR;
				CLANG_WARN_QUOTED_INCLUDE_IN_FRAMEWORK_HEADER = YES;
				CLANG_WARN_RANGE_LOOP_ANALYSIS = YES;
				CLANG_WARN_STRICT_PROTOTYPES = YES;
				CLANG_WARN_SUSPICIOUS_MOVE = YES;
				CLANG_WARN_UNGUARDED_AVAILABILITY = YES_AGGRESSIVE;
				CLANG_WARN_UNREACHABLE_CODE = YES;
				CLANG_WARN__DUPLICATE_METHOD_MATCH = YES;
				COPY_PHASE_STRIP = NO;
				DEBUG_INFORMATION_FORMAT = dwarf;
				ENABLE_STRICT_OBJC_MSGSEND = YES;
				ENABLE_TESTABILITY = YES;
				GCC_C_LANGUAGE_STANDARD = gnu11;
				GCC_DYNAMIC_NO_PIC = NO;
				GCC_NO_COMMON_BLOCKS = YES;
				GCC_OPTIMIZATION_LEVEL = 0;
				GCC_PREPROCESSOR_DEFINITIONS = (
					"DEBUG=1",
					"$(inherited)",
				);
				GCC_WARN_64_TO_32_BIT_CONVERSION = YES;
				GCC_WARN_ABOUT_RETURN_TYPE = YES_ERROR;
				GCC_WARN_UNDECLARED_SELECTOR = YES;
				GCC_WARN_UNINITIALIZED_AUTOS = YES_AGGRESSIVE;
				GCC_WARN_UNUSED_FUNCTION = YES;
				GCC_WARN_UNUSED_VARIABLE = YES;
				IPHONEOS_DEPLOYMENT_TARGET = 16.2;
				MTL_ENABLE_DEBUG_INFO = INCLUDE_SOURCE;
				MTL_FAST_MATH = YES;
				ONLY_ACTIVE_ARCH = YES;
				SDKROOT = iphoneos;
				SWIFT_ACTIVE_COMPILATION_CONDITIONS = DEBUG;
				SWIFT_OPTIMIZATION_LEVEL = "-Onone";
			};
			name = Debug;
		};
		84E0D6F02AE9311400FCB2F7 /* Release */ = {
			isa = XCBuildConfiguration;
			buildSettings = {
				ALWAYS_SEARCH_USER_PATHS = NO;
				CLANG_ANALYZER_NONNULL = YES;
				CLANG_ANALYZER_NUMBER_OBJECT_CONVERSION = YES_AGGRESSIVE;
				CLANG_CXX_LANGUAGE_STANDARD = "gnu++20";
				CLANG_ENABLE_MODULES = YES;
				CLANG_ENABLE_OBJC_ARC = YES;
				CLANG_ENABLE_OBJC_WEAK = YES;
				CLANG_WARN_BLOCK_CAPTURE_AUTORELEASING = YES;
				CLANG_WARN_BOOL_CONVERSION = YES;
				CLANG_WARN_COMMA = YES;
				CLANG_WARN_CONSTANT_CONVERSION = YES;
				CLANG_WARN_DEPRECATED_OBJC_IMPLEMENTATIONS = YES;
				CLANG_WARN_DIRECT_OBJC_ISA_USAGE = YES_ERROR;
				CLANG_WARN_DOCUMENTATION_COMMENTS = YES;
				CLANG_WARN_EMPTY_BODY = YES;
				CLANG_WARN_ENUM_CONVERSION = YES;
				CLANG_WARN_INFINITE_RECURSION = YES;
				CLANG_WARN_INT_CONVERSION = YES;
				CLANG_WARN_NON_LITERAL_NULL_CONVERSION = YES;
				CLANG_WARN_OBJC_IMPLICIT_RETAIN_SELF = YES;
				CLANG_WARN_OBJC_LITERAL_CONVERSION = YES;
				CLANG_WARN_OBJC_ROOT_CLASS = YES_ERROR;
				CLANG_WARN_QUOTED_INCLUDE_IN_FRAMEWORK_HEADER = YES;
				CLANG_WARN_RANGE_LOOP_ANALYSIS = YES;
				CLANG_WARN_STRICT_PROTOTYPES = YES;
				CLANG_WARN_SUSPICIOUS_MOVE = YES;
				CLANG_WARN_UNGUARDED_AVAILABILITY = YES_AGGRESSIVE;
				CLANG_WARN_UNREACHABLE_CODE = YES;
				CLANG_WARN__DUPLICATE_METHOD_MATCH = YES;
				COPY_PHASE_STRIP = NO;
				DEBUG_INFORMATION_FORMAT = "dwarf-with-dsym";
				ENABLE_NS_ASSERTIONS = NO;
				ENABLE_STRICT_OBJC_MSGSEND = YES;
				GCC_C_LANGUAGE_STANDARD = gnu11;
				GCC_NO_COMMON_BLOCKS = YES;
				GCC_WARN_64_TO_32_BIT_CONVERSION = YES;
				GCC_WARN_ABOUT_RETURN_TYPE = YES_ERROR;
				GCC_WARN_UNDECLARED_SELECTOR = YES;
				GCC_WARN_UNINITIALIZED_AUTOS = YES_AGGRESSIVE;
				GCC_WARN_UNUSED_FUNCTION = YES;
				GCC_WARN_UNUSED_VARIABLE = YES;
				IPHONEOS_DEPLOYMENT_TARGET = 16.2;
				MTL_ENABLE_DEBUG_INFO = NO;
				MTL_FAST_MATH = YES;
				SDKROOT = iphoneos;
				SWIFT_COMPILATION_MODE = wholemodule;
				SWIFT_OPTIMIZATION_LEVEL = "-O";
				VALIDATE_PRODUCT = YES;
			};
			name = Release;
		};
		84E0D6F22AE9311400FCB2F7 /* Debug */ = {
			isa = XCBuildConfiguration;
			buildSettings = {
				ASSETCATALOG_COMPILER_APPICON_NAME = AppIcon;
				ASSETCATALOG_COMPILER_GLOBAL_ACCENT_COLOR_NAME = AccentColor;
				CODE_SIGN_STYLE = Automatic;
				CURRENT_PROJECT_VERSION = 1;
				GENERATE_INFOPLIST_FILE = YES;
				INFOPLIST_FILE = "M-Commerce-Admin/Info.plist";
				INFOPLIST_KEY_UIApplicationSupportsIndirectInputEvents = YES;
				INFOPLIST_KEY_UILaunchStoryboardName = LaunchScreen;
				INFOPLIST_KEY_UIMainStoryboardFile = Main;
				INFOPLIST_KEY_UISupportedInterfaceOrientations_iPad = "UIInterfaceOrientationPortrait UIInterfaceOrientationPortraitUpsideDown UIInterfaceOrientationLandscapeLeft UIInterfaceOrientationLandscapeRight";
				INFOPLIST_KEY_UISupportedInterfaceOrientations_iPhone = "UIInterfaceOrientationPortrait UIInterfaceOrientationLandscapeLeft UIInterfaceOrientationLandscapeRight";
				LD_RUNPATH_SEARCH_PATHS = (
					"$(inherited)",
					"@executable_path/Frameworks",
				);
				MARKETING_VERSION = 1.0;
				PRODUCT_BUNDLE_IDENTIFIER = "yk.M-Commerce-Admin";
				PRODUCT_NAME = "$(TARGET_NAME)";
				SWIFT_EMIT_LOC_STRINGS = YES;
				SWIFT_VERSION = 5.0;
				TARGETED_DEVICE_FAMILY = "1,2";
			};
			name = Debug;
		};
		84E0D6F32AE9311400FCB2F7 /* Release */ = {
			isa = XCBuildConfiguration;
			buildSettings = {
				ASSETCATALOG_COMPILER_APPICON_NAME = AppIcon;
				ASSETCATALOG_COMPILER_GLOBAL_ACCENT_COLOR_NAME = AccentColor;
				CODE_SIGN_STYLE = Automatic;
				CURRENT_PROJECT_VERSION = 1;
				GENERATE_INFOPLIST_FILE = YES;
				INFOPLIST_FILE = "M-Commerce-Admin/Info.plist";
				INFOPLIST_KEY_UIApplicationSupportsIndirectInputEvents = YES;
				INFOPLIST_KEY_UILaunchStoryboardName = LaunchScreen;
				INFOPLIST_KEY_UIMainStoryboardFile = Main;
				INFOPLIST_KEY_UISupportedInterfaceOrientations_iPad = "UIInterfaceOrientationPortrait UIInterfaceOrientationPortraitUpsideDown UIInterfaceOrientationLandscapeLeft UIInterfaceOrientationLandscapeRight";
				INFOPLIST_KEY_UISupportedInterfaceOrientations_iPhone = "UIInterfaceOrientationPortrait UIInterfaceOrientationLandscapeLeft UIInterfaceOrientationLandscapeRight";
				LD_RUNPATH_SEARCH_PATHS = (
					"$(inherited)",
					"@executable_path/Frameworks",
				);
				MARKETING_VERSION = 1.0;
				PRODUCT_BUNDLE_IDENTIFIER = "yk.M-Commerce-Admin";
				PRODUCT_NAME = "$(TARGET_NAME)";
				SWIFT_EMIT_LOC_STRINGS = YES;
				SWIFT_VERSION = 5.0;
				TARGETED_DEVICE_FAMILY = "1,2";
			};
			name = Release;
		};
		84E0D6F52AE9311400FCB2F7 /* Debug */ = {
			isa = XCBuildConfiguration;
			buildSettings = {
				ALWAYS_EMBED_SWIFT_STANDARD_LIBRARIES = YES;
				BUNDLE_LOADER = "$(TEST_HOST)";
				CODE_SIGN_STYLE = Automatic;
				CURRENT_PROJECT_VERSION = 1;
				GENERATE_INFOPLIST_FILE = YES;
				IPHONEOS_DEPLOYMENT_TARGET = 16.2;
				MARKETING_VERSION = 1.0;
				PRODUCT_BUNDLE_IDENTIFIER = "yk.M-Commerce-AdminTests";
				PRODUCT_NAME = "$(TARGET_NAME)";
				SWIFT_EMIT_LOC_STRINGS = NO;
				SWIFT_VERSION = 5.0;
				TARGETED_DEVICE_FAMILY = "1,2";
				TEST_HOST = "$(BUILT_PRODUCTS_DIR)/M-Commerce-Admin.app/$(BUNDLE_EXECUTABLE_FOLDER_PATH)/M-Commerce-Admin";
			};
			name = Debug;
		};
		84E0D6F62AE9311400FCB2F7 /* Release */ = {
			isa = XCBuildConfiguration;
			buildSettings = {
				ALWAYS_EMBED_SWIFT_STANDARD_LIBRARIES = YES;
				BUNDLE_LOADER = "$(TEST_HOST)";
				CODE_SIGN_STYLE = Automatic;
				CURRENT_PROJECT_VERSION = 1;
				GENERATE_INFOPLIST_FILE = YES;
				IPHONEOS_DEPLOYMENT_TARGET = 16.2;
				MARKETING_VERSION = 1.0;
				PRODUCT_BUNDLE_IDENTIFIER = "yk.M-Commerce-AdminTests";
				PRODUCT_NAME = "$(TARGET_NAME)";
				SWIFT_EMIT_LOC_STRINGS = NO;
				SWIFT_VERSION = 5.0;
				TARGETED_DEVICE_FAMILY = "1,2";
				TEST_HOST = "$(BUILT_PRODUCTS_DIR)/M-Commerce-Admin.app/$(BUNDLE_EXECUTABLE_FOLDER_PATH)/M-Commerce-Admin";
			};
			name = Release;
		};
		84E0D6F82AE9311400FCB2F7 /* Debug */ = {
			isa = XCBuildConfiguration;
			buildSettings = {
				ALWAYS_EMBED_SWIFT_STANDARD_LIBRARIES = YES;
				CODE_SIGN_STYLE = Automatic;
				CURRENT_PROJECT_VERSION = 1;
				GENERATE_INFOPLIST_FILE = YES;
				MARKETING_VERSION = 1.0;
				PRODUCT_BUNDLE_IDENTIFIER = "yk.M-Commerce-AdminUITests";
				PRODUCT_NAME = "$(TARGET_NAME)";
				SWIFT_EMIT_LOC_STRINGS = NO;
				SWIFT_VERSION = 5.0;
				TARGETED_DEVICE_FAMILY = "1,2";
				TEST_TARGET_NAME = "M-Commerce-Admin";
			};
			name = Debug;
		};
		84E0D6F92AE9311400FCB2F7 /* Release */ = {
			isa = XCBuildConfiguration;
			buildSettings = {
				ALWAYS_EMBED_SWIFT_STANDARD_LIBRARIES = YES;
				CODE_SIGN_STYLE = Automatic;
				CURRENT_PROJECT_VERSION = 1;
				GENERATE_INFOPLIST_FILE = YES;
				MARKETING_VERSION = 1.0;
				PRODUCT_BUNDLE_IDENTIFIER = "yk.M-Commerce-AdminUITests";
				PRODUCT_NAME = "$(TARGET_NAME)";
				SWIFT_EMIT_LOC_STRINGS = NO;
				SWIFT_VERSION = 5.0;
				TARGETED_DEVICE_FAMILY = "1,2";
				TEST_TARGET_NAME = "M-Commerce-Admin";
			};
			name = Release;
		};
/* End XCBuildConfiguration section */

/* Begin XCConfigurationList section */
		84E0D6BF2AE9311000FCB2F7 /* Build configuration list for PBXProject "M-Commerce-Admin" */ = {
			isa = XCConfigurationList;
			buildConfigurations = (
				84E0D6EF2AE9311400FCB2F7 /* Debug */,
				84E0D6F02AE9311400FCB2F7 /* Release */,
			);
			defaultConfigurationIsVisible = 0;
			defaultConfigurationName = Release;
		};
		84E0D6F12AE9311400FCB2F7 /* Build configuration list for PBXNativeTarget "M-Commerce-Admin" */ = {
			isa = XCConfigurationList;
			buildConfigurations = (
				84E0D6F22AE9311400FCB2F7 /* Debug */,
				84E0D6F32AE9311400FCB2F7 /* Release */,
			);
			defaultConfigurationIsVisible = 0;
			defaultConfigurationName = Release;
		};
		84E0D6F42AE9311400FCB2F7 /* Build configuration list for PBXNativeTarget "M-Commerce-AdminTests" */ = {
			isa = XCConfigurationList;
			buildConfigurations = (
				84E0D6F52AE9311400FCB2F7 /* Debug */,
				84E0D6F62AE9311400FCB2F7 /* Release */,
			);
			defaultConfigurationIsVisible = 0;
			defaultConfigurationName = Release;
		};
		84E0D6F72AE9311400FCB2F7 /* Build configuration list for PBXNativeTarget "M-Commerce-AdminUITests" */ = {
			isa = XCConfigurationList;
			buildConfigurations = (
				84E0D6F82AE9311400FCB2F7 /* Debug */,
				84E0D6F92AE9311400FCB2F7 /* Release */,
			);
			defaultConfigurationIsVisible = 0;
			defaultConfigurationName = Release;
		};
/* End XCConfigurationList section */

/* Begin XCRemoteSwiftPackageReference section */
		DC5664302AECC26D003297FE /* XCRemoteSwiftPackageReference "Alamofire" */ = {
			isa = XCRemoteSwiftPackageReference;
			repositoryURL = "https://github.com/Alamofire/Alamofire.git";
			requirement = {
				kind = exactVersion;
				version = 5.8.1;
			};
		};
		DC5664392AECD027003297FE /* XCRemoteSwiftPackageReference "Kingfisher" */ = {
			isa = XCRemoteSwiftPackageReference;
			repositoryURL = "https://github.com/onevcat/Kingfisher.git";
			requirement = {
				kind = exactVersion;
				version = 7.9.1;
			};
		};
		DC56643C2AECD0DD003297FE /* XCRemoteSwiftPackageReference "Cosmos" */ = {
			isa = XCRemoteSwiftPackageReference;
			repositoryURL = "https://github.com/evgenyneu/Cosmos.git";
			requirement = {
				kind = upToNextMajorVersion;
				minimumVersion = 23.0.0;
			};
		};
/* End XCRemoteSwiftPackageReference section */

/* Begin XCSwiftPackageProductDependency section */
		DC5664312AECC26D003297FE /* Alamofire */ = {
			isa = XCSwiftPackageProductDependency;
			package = DC5664302AECC26D003297FE /* XCRemoteSwiftPackageReference "Alamofire" */;
			productName = Alamofire;
		};
		DC56643A2AECD027003297FE /* Kingfisher */ = {
			isa = XCSwiftPackageProductDependency;
			package = DC5664392AECD027003297FE /* XCRemoteSwiftPackageReference "Kingfisher" */;
			productName = Kingfisher;
		};
		DC56643D2AECD0DD003297FE /* Cosmos */ = {
			isa = XCSwiftPackageProductDependency;
			package = DC56643C2AECD0DD003297FE /* XCRemoteSwiftPackageReference "Cosmos" */;
			productName = Cosmos;
		};
/* End XCSwiftPackageProductDependency section */

/* Begin XCVersionGroup section */
		84E0D6D02AE9311000FCB2F7 /* M_Commerce_Admin.xcdatamodeld */ = {
			isa = XCVersionGroup;
			children = (
				84E0D6D12AE9311000FCB2F7 /* M_Commerce_Admin.xcdatamodel */,
			);
			currentVersion = 84E0D6D12AE9311000FCB2F7 /* M_Commerce_Admin.xcdatamodel */;
			path = M_Commerce_Admin.xcdatamodeld;
			sourceTree = "<group>";
			versionGroupType = wrapper.xcdatamodel;
		};
/* End XCVersionGroup section */
	};
	rootObject = 84E0D6BC2AE9311000FCB2F7 /* Project object */;
}
